
Microsoft Visual Studio Solution File, Format Version 12.00
Project("{2150E333-8FDC-42A3-9474-1A3956D46DE8}") = "src", "src", "{671B9EC3-C8FF-4FDA-AFC1-704FA943716A}"
EndProject
Project("{2150E333-8FDC-42A3-9474-1A3956D46DE8}") = "test", "test", "{D7C4914F-CB26-439B-9EBC-FEAB0E87B6E8}"
EndProject
Project("{2150E333-8FDC-42A3-9474-1A3956D46DE8}") = "Core", "Core", "{7857C2B6-322B-43F4-A581-8DB44CEBDCD5}"
EndProject
Project("{FAE04EC0-301F-11D3-BF4B-00C04F79EFBC}") = "Domain", "Domain\Domain.csproj", "{15DDBDDC-CF4E-4393-80F6-A8E2F751B88F}"
EndProject
Project("{FAE04EC0-301F-11D3-BF4B-00C04F79EFBC}") = "Application", "Application\Application.csproj", "{DE4DC832-EE84-4055-9C22-12D0E04B4541}"
EndProject
Project("{2150E333-8FDC-42A3-9474-1A3956D46DE8}") = "Infrastructure", "Infrastructure", "{44FCF63E-0E21-416B-9303-4A6AE61E7D59}"
EndProject
Project("{FAE04EC0-301F-11D3-BF4B-00C04F79EFBC}") = "Persistence", "Persistence\Persistence.csproj", "{E84645A5-0927-4516-AC20-FB4A909E6D79}"
EndProject
Project("{FAE04EC0-301F-11D3-BF4B-00C04F79EFBC}") = "Infrastructure", "Infrastructure\Infrastructure.csproj", "{943C6401-E822-4691-B0E0-F16682213A87}"
EndProject
Project("{2150E333-8FDC-42A3-9474-1A3956D46DE8}") = "API", "API", "{9766B900-FE00-4FE0-AFD9-A3A971191048}"
EndProject
Project("{FAE04EC0-301F-11D3-BF4B-00C04F79EFBC}") = "Api", "Api\Api.csproj", "{98792F68-4DA5-463B-AE50-5902E1BD44E4}"
EndProject
Global
	GlobalSection(SolutionConfigurationPlatforms) = preSolution
		Debug|Any CPU = Debug|Any CPU
		Release|Any CPU = Release|Any CPU
	EndGlobalSection
	GlobalSection(NestedProjects) = preSolution
		{7857C2B6-322B-43F4-A581-8DB44CEBDCD5} = {671B9EC3-C8FF-4FDA-AFC1-704FA943716A}
		{15DDBDDC-CF4E-4393-80F6-A8E2F751B88F} = {7857C2B6-322B-43F4-A581-8DB44CEBDCD5}
		{DE4DC832-EE84-4055-9C22-12D0E04B4541} = {7857C2B6-322B-43F4-A581-8DB44CEBDCD5}
		{44FCF63E-0E21-416B-9303-4A6AE61E7D59} = {671B9EC3-C8FF-4FDA-AFC1-704FA943716A}
		{E84645A5-0927-4516-AC20-FB4A909E6D79} = {44FCF63E-0E21-416B-9303-4A6AE61E7D59}
		{943C6401-E822-4691-B0E0-F16682213A87} = {44FCF63E-0E21-416B-9303-4A6AE61E7D59}
		{9766B900-FE00-4FE0-AFD9-A3A971191048} = {671B9EC3-C8FF-4FDA-AFC1-704FA943716A}
		{98792F68-4DA5-463B-AE50-5902E1BD44E4} = {9766B900-FE00-4FE0-AFD9-A3A971191048}
	EndGlobalSection
	GlobalSection(ProjectConfigurationPlatforms) = postSolution
		{15DDBDDC-CF4E-4393-80F6-A8E2F751B88F}.Debug|Any CPU.ActiveCfg = Debug|Any CPU
		{15DDBDDC-CF4E-4393-80F6-A8E2F751B88F}.Debug|Any CPU.Build.0 = Debug|Any CPU
		{15DDBDDC-CF4E-4393-80F6-A8E2F751B88F}.Release|Any CPU.ActiveCfg = Release|Any CPU
		{15DDBDDC-CF4E-4393-80F6-A8E2F751B88F}.Release|Any CPU.Build.0 = Release|Any CPU
		{DE4DC832-EE84-4055-9C22-12D0E04B4541}.Debug|Any CPU.ActiveCfg = Debug|Any CPU
		{DE4DC832-EE84-4055-9C22-12D0E04B4541}.Debug|Any CPU.Build.0 = Debug|Any CPU
		{DE4DC832-EE84-4055-9C22-12D0E04B4541}.Release|Any CPU.ActiveCfg = Release|Any CPU
		{DE4DC832-EE84-4055-9C22-12D0E04B4541}.Release|Any CPU.Build.0 = Release|Any CPU
		{E84645A5-0927-4516-AC20-FB4A909E6D79}.Debug|Any CPU.ActiveCfg = Debug|Any CPU
		{E84645A5-0927-4516-AC20-FB4A909E6D79}.Debug|Any CPU.Build.0 = Debug|Any CPU
		{E84645A5-0927-4516-AC20-FB4A909E6D79}.Release|Any CPU.ActiveCfg = Release|Any CPU
		{E84645A5-0927-4516-AC20-FB4A909E6D79}.Release|Any CPU.Build.0 = Release|Any CPU
		{943C6401-E822-4691-B0E0-F16682213A87}.Debug|Any CPU.ActiveCfg = Debug|Any CPU
		{943C6401-E822-4691-B0E0-F16682213A87}.Debug|Any CPU.Build.0 = Debug|Any CPU
		{943C6401-E822-4691-B0E0-F16682213A87}.Release|Any CPU.ActiveCfg = Release|Any CPU
		{943C6401-E822-4691-B0E0-F16682213A87}.Release|Any CPU.Build.0 = Release|Any CPU
		{98792F68-4DA5-463B-AE50-5902E1BD44E4}.Debug|Any CPU.ActiveCfg = Debug|Any CPU
		{98792F68-4DA5-463B-AE50-5902E1BD44E4}.Debug|Any CPU.Build.0 = Debug|Any CPU
		{98792F68-4DA5-463B-AE50-5902E1BD44E4}.Release|Any CPU.ActiveCfg = Release|Any CPU
		{98792F68-4DA5-463B-AE50-5902E1BD44E4}.Release|Any CPU.Build.0 = Release|Any CPU
	EndGlobalSection
EndGlobal
